
Microsoft Visual Studio Solution File, Format Version 12.00
# Visual Studio Version 17
VisualStudioVersion = 17.6.33723.286
MinimumVisualStudioVersion = 10.0.40219.1
Project("{9A19103F-16F7-4668-BE54-9A1E7A4F7556}") = "NearShare.Cli", "cli\NearShare.Cli.csproj", "{46252E21-EA6C-47E2-B1C9-FAC36CBCE8CC}"
EndProject
Project("{2150E333-8FDC-42A3-9474-1A3956D46DE8}") = "lib", "lib", "{3FF522B9-6238-46CD-8BEA-0F94B3B1E5E8}"
EndProject
Project("{9A19103F-16F7-4668-BE54-9A1E7A4F7556}") = "ShortDev.Microsoft.ConnectedDevices", "android\lib\ShortDev.Microsoft.ConnectedDevices\ShortDev.Microsoft.ConnectedDevices.csproj", "{0D0E4BB9-187C-4719-8F44-1F81F0E87B95}"
EndProject
Project("{9A19103F-16F7-4668-BE54-9A1E7A4F7556}") = "ShortDev.Microsoft.ConnectedDevices.NearShare", "android\lib\ShortDev.Microsoft.ConnectedDevices.NearShare\ShortDev.Microsoft.ConnectedDevices.NearShare.csproj", "{A7A88583-C292-4B94-A961-17456CF58A6F}"
EndProject
Project("{2150E333-8FDC-42A3-9474-1A3956D46DE8}") = "build", "build", "{1FCBB392-F297-4E90-9378-97C0A696F0CB}"
	ProjectSection(SolutionItems) = preProject
		Directory.Build.props = Directory.Build.props
	EndProjectSection
EndProject
Project("{2150E333-8FDC-42A3-9474-1A3956D46DE8}") = "windows", "windows", "{6E6B2B28-5188-41B5-BC19-AA007A1017FF}"
EndProject
Project("{FAE04EC0-301F-11D3-BF4B-00C04F79EFBC}") = "NearShare.Windows.SocketBroker", "windows\NearShare.Windows.SocketBroker\NearShare.Windows.SocketBroker.csproj", "{A39016F4-013F-4180-B873-9604FA7B0D06}"
EndProject
Project("{FAE04EC0-301F-11D3-BF4B-00C04F79EFBC}") = "NearShare.Windows.WiFiDirect", "windows\NearShare.Windows.WiFiDirect\NearShare.Windows.WiFiDirect.csproj", "{813F128B-2320-4B9A-B7A4-C09993152F14}"
EndProject
Global
	GlobalSection(SolutionConfigurationPlatforms) = preSolution
		Debug|Any CPU = Debug|Any CPU
		Release|Any CPU = Release|Any CPU
	EndGlobalSection
	GlobalSection(ProjectConfigurationPlatforms) = postSolution
		{46252E21-EA6C-47E2-B1C9-FAC36CBCE8CC}.Debug|Any CPU.ActiveCfg = Debug|Any CPU
		{46252E21-EA6C-47E2-B1C9-FAC36CBCE8CC}.Debug|Any CPU.Build.0 = Debug|Any CPU
		{46252E21-EA6C-47E2-B1C9-FAC36CBCE8CC}.Release|Any CPU.ActiveCfg = Release|Any CPU
		{46252E21-EA6C-47E2-B1C9-FAC36CBCE8CC}.Release|Any CPU.Build.0 = Release|Any CPU
		{0D0E4BB9-187C-4719-8F44-1F81F0E87B95}.Debug|Any CPU.ActiveCfg = Debug|Any CPU
		{0D0E4BB9-187C-4719-8F44-1F81F0E87B95}.Debug|Any CPU.Build.0 = Debug|Any CPU
		{0D0E4BB9-187C-4719-8F44-1F81F0E87B95}.Release|Any CPU.ActiveCfg = Release|Any CPU
		{0D0E4BB9-187C-4719-8F44-1F81F0E87B95}.Release|Any CPU.Build.0 = Release|Any CPU
		{A7A88583-C292-4B94-A961-17456CF58A6F}.Debug|Any CPU.ActiveCfg = Debug|Any CPU
		{A7A88583-C292-4B94-A961-17456CF58A6F}.Debug|Any CPU.Build.0 = Debug|Any CPU
		{A7A88583-C292-4B94-A961-17456CF58A6F}.Release|Any CPU.ActiveCfg = Release|Any CPU
		{A7A88583-C292-4B94-A961-17456CF58A6F}.Release|Any CPU.Build.0 = Release|Any CPU
		{A39016F4-013F-4180-B873-9604FA7B0D06}.Debug|Any CPU.ActiveCfg = Debug|Any CPU
		{A39016F4-013F-4180-B873-9604FA7B0D06}.Debug|Any CPU.Build.0 = Debug|Any CPU
		{A39016F4-013F-4180-B873-9604FA7B0D06}.Release|Any CPU.ActiveCfg = Release|Any CPU
		{A39016F4-013F-4180-B873-9604FA7B0D06}.Release|Any CPU.Build.0 = Release|Any CPU
		{813F128B-2320-4B9A-B7A4-C09993152F14}.Debug|Any CPU.ActiveCfg = Debug|Any CPU
		{813F128B-2320-4B9A-B7A4-C09993152F14}.Debug|Any CPU.Build.0 = Debug|Any CPU
		{813F128B-2320-4B9A-B7A4-C09993152F14}.Release|Any CPU.ActiveCfg = Release|Any CPU
		{813F128B-2320-4B9A-B7A4-C09993152F14}.Release|Any CPU.Build.0 = Release|Any CPU
	EndGlobalSection
	GlobalSection(SolutionProperties) = preSolution
		HideSolutionNode = FALSE
	EndGlobalSection
	GlobalSection(NestedProjects) = preSolution
		{0D0E4BB9-187C-4719-8F44-1F81F0E87B95} = {3FF522B9-6238-46CD-8BEA-0F94B3B1E5E8}
		{A7A88583-C292-4B94-A961-17456CF58A6F} = {3FF522B9-6238-46CD-8BEA-0F94B3B1E5E8}
		{A39016F4-013F-4180-B873-9604FA7B0D06} = {6E6B2B28-5188-41B5-BC19-AA007A1017FF}
		{813F128B-2320-4B9A-B7A4-C09993152F14} = {6E6B2B28-5188-41B5-BC19-AA007A1017FF}
	EndGlobalSection
	GlobalSection(ExtensibilityGlobals) = postSolution
		SolutionGuid = {40C92CC2-DA64-490D-B7F5-E3A1A3C579BC}
	EndGlobalSection
EndGlobal
